
Microsoft Visual Studio Solution File, Format Version 11.00
# Visual Studio 2010
Project("{FAE04EC0-301F-11D3-BF4B-00C04F79EFBC}") = "ililce", "ililce\ililce.csproj", "{A7D66C3B-E65B-49AE-B2CA-AF74DE8CAE1A}"
EndProject
Global
	GlobalSection(SolutionConfigurationPlatforms) = preSolution
		Debug|x86 = Debug|x86
		Release|x86 = Release|x86
	EndGlobalSection
	GlobalSection(ProjectConfigurationPlatforms) = postSolution
		{A7D66C3B-E65B-49AE-B2CA-AF74DE8CAE1A}.Debug|x86.ActiveCfg = Debug|x86
		{A7D66C3B-E65B-49AE-B2CA-AF74DE8CAE1A}.Debug|x86.Build.0 = Debug|x86
		{A7D66C3B-E65B-49AE-B2CA-AF74DE8CAE1A}.Release|x86.ActiveCfg = Release|x86
		{A7D66C3B-E65B-49AE-B2CA-AF74DE8CAE1A}.Release|x86.Build.0 = Release|x86
	EndGlobalSection
	GlobalSection(SolutionProperties) = preSolution
		HideSolutionNode = FALSE
	EndGlobalSection
EndGlobal
